
Microsoft Visual Studio Solution File, Format Version 12.00
# Visual Studio 14
VisualStudioVersion = 14.0.23107.0
MinimumVisualStudioVersion = 10.0.40219.1
Project("{8BC9CEB8-8B4A-11D0-8D11-00A0C91BC942}") = "3rdTP", "3rdTP\3rdTP.vcxproj", "{24DE5C8D-4368-4249-B18A-E26AB63A2E31}"
EndProject
Project("{2150E333-8FDC-42A3-9474-1A3956D46DE8}") = "Header", "Header", "{67E81862-8C18-45CD-BE01-F9727DC5FD01}"
	ProjectSection(SolutionItems) = preProject
		Header\Define.h = Header\Define.h
		Header\Enum.h = Header\Enum.h
		Header\Functor.h = Header\Functor.h
		Header\Include.h = Header\Include.h
		Header\Struct.h = Header\Struct.h
	EndProjectSection
EndProject
Global
	GlobalSection(SolutionConfigurationPlatforms) = preSolution
		Debug|x64 = Debug|x64
		Debug|x86 = Debug|x86
		Release|x64 = Release|x64
		Release|x86 = Release|x86
	EndGlobalSection
	GlobalSection(ProjectConfigurationPlatforms) = postSolution
		{24DE5C8D-4368-4249-B18A-E26AB63A2E31}.Debug|x64.ActiveCfg = Debug|x64
		{24DE5C8D-4368-4249-B18A-E26AB63A2E31}.Debug|x64.Build.0 = Debug|x64
		{24DE5C8D-4368-4249-B18A-E26AB63A2E31}.Debug|x86.ActiveCfg = Debug|Win32
		{24DE5C8D-4368-4249-B18A-E26AB63A2E31}.Debug|x86.Build.0 = Debug|Win32
		{24DE5C8D-4368-4249-B18A-E26AB63A2E31}.Debug|x86.Deploy.0 = Debug|Win32
		{24DE5C8D-4368-4249-B18A-E26AB63A2E31}.Release|x64.ActiveCfg = Release|x64
		{24DE5C8D-4368-4249-B18A-E26AB63A2E31}.Release|x64.Build.0 = Release|x64
		{24DE5C8D-4368-4249-B18A-E26AB63A2E31}.Release|x86.ActiveCfg = Release|Win32
		{24DE5C8D-4368-4249-B18A-E26AB63A2E31}.Release|x86.Build.0 = Release|Win32
	EndGlobalSection
	GlobalSection(SolutionProperties) = preSolution
		HideSolutionNode = FALSE
	EndGlobalSection
EndGlobal
